github.com/Flaque/filet v0.0.0-20190209224823-fc4d33cfcf93/go.mod h1:TK+jB3mBs+8ZMWhU5BqZKnZWJ1MrLo8etNVg51ueTBo=
github.com/davecgh/go-spew v0.0.0-20161028175848-04cdfd42973b/go.mod h1:J7Y8YcW2NihsgmVo/mv3lAwl/skON4iLHjSsI+c5H38=
github.com/davecgh/go-spew v1.1.0/go.mod h1:J7Y8YcW2NihsgmVo/mv3lAwl/skON4iLHjSsI+c5H38=
github.com/dgrijalva/jwt-go v3.2.0+incompatible h1:7qlOGliEKZXTDg6OTjfoBKDXWrumCAMpl/TFQ4/5kLM=
github.com/dgrijalva/jwt-go v3.2.0+incompatible/go.mod h1:E3ru+11k8xSBh+hMPgOLZmtrrCbhqsmaPHjLKYnJCaQ=
github.com/fatih/color v1.7.0/go.mod h1:Zm6kSWBoL9eyXnKyktHP6abPY2pDugNf5KwzbycvMj4=
github.com/fatih/color v1.9.0 h1:8xPHl4/q1VyqGIPif1F+1V3Y3lSmrq01EabUW3CoW5s=
github.com/fatih/color v1.9.0/go.mod h1:eQcE1qtQxscV5RaZvpXrrb8Drkc3/DdQ+uUYCNjL+zU=
github.com/felixge/httpsnoop v1.0.1 h1:lvB5Jl89CsZtGIWuTcDM1E/vkVs49/Ml7JJe07l8SPQ=
github.com/felixge/httpsnoop v1.0.1/go.mod h1:m8KPJKqk1gH5J9DgRY2ASl2lWCfGKXixSwevea8zH2U=
github.com/go-chi/chi v4.1.1+incompatible h1:MmTgB0R8Bt/jccxp+t6S/1VGIKdJw5J74CK/c9tTfA4=
github.com/go-chi/chi v4.1.1+incompatible/go.mod h1:eB3wogJHnLi3x/kFX2A+IbTBlXxmMeXJVKy9tTv1XzQ=
github.com/go-errors/errors v1.0.1/go.mod h1:f4zRHt4oKfwPJE5k8C9vpYG+aDHdBFUsgrm6/TyX73Q=
github.com/joho/godotenv v1.3.0 h1:Zjp+RcGpHhGlrMbJzXTrZZPrWj+1vfm90La1wgB6Bhc=
github.com/joho/godotenv v1.3.0/go.mod h1:7hK45KPybAkOC6peb+G5yklZfMxEjkZhHbwpqxOKXbg=
github.com/labstack/echo v1.4.4 h1:1bEiBNeGSUKxcPDGfZ/7IgdhJJZx8wV/pICJh4W2NJI=
github.com/labstack/echo v3.3.10+incompatible h1:pGRcYk231ExFAyoAjAfD85kQzRJCRI8bbnE7CX5OEgg=
github.com/labstack/echo v3.3.10+incompatible/go.mod h1:0INS7j/VjnFxD4E2wkz67b8cVwCLbBmJyDaka6Cmk1s=
github.com/labstack/gommon v0.3.0 h1:JEeO0bvc78PKdyHxloTKiF8BD5iGrH8T6MSeGvSgob0=
github.com/labstack/gommon v0.3.0/go.mod h1:MULnywXg0yavhxWKc+lOruYdAhDwPK9wf0OL7NoOu+k=
github.com/markusthoemmes/goautoneg v0.0.0-20190713162725-c6008fefa5b1/go.mod h1:qFhy2RoC9EWZC7fgczcBbUpzGNFfIm5//VO/gde0AbI=
github.com/mattn/go-colorable v0.1.2/go.mod h1:U0ppj6V5qS13XJ6of8GYAs25YV2eR4EVcfRqFIhoBtE=
github.com/mattn/go-colorable v0.1.4 h1:snbPLB8fVfU9iwbbo30TPtbLRzwWu6aJS6Xh4eaaviA=
github.com/mattn/go-colorable v0.1.4/go.mod h1:U0ppj6V5qS13XJ6of8GYAs25YV2eR4EVcfRqFIhoBtE=
github.com/mattn/go-isatty v0.0.8/go.mod h1:Iq45c/XA43vh69/j3iqttzPXn0bhXyGjM0Hdxcsrc5s=
github.com/mattn/go-isatty v0.0.9/go.mod h1:YNRxwqDuOph6SZLI9vUUz6OYw3QyUt7WiY2yME+cCiQ=
github.com/mattn/go-isatty v0.0.11 h1:FxPOTFNqGkuDUGi3H/qkUbQO4ZiBa2brKq5r0l8TGeM=
github.com/mattn/go-isatty v0.0.11/go.mod h1:PhnuNfih5lzO57/f3n+odYbM4JtupLOxQOAqxQCu2WE=
github.com/mbertschler/blocks v0.0.0-20190728215450-ea8311414c9a/go.mod h1:IECisbIvAfI6yeLiWbwQF6y2F8hMcqZc1ZoAY0gOwm4=
github.com/mgutz/ansi v0.0.0-20170206155736-9520e82c474b/go.mod h1:01TrycV0kFyexm33Z7vhZRXopbI8J3TDReVlkTgMUxE=
github.com/oleiade/reflections v1.0.0 h1:0ir4pc6v8/PJ0yw5AEtMddfXpWBXg9cnG7SgSoJuCgY=
github.com/oleiade/reflections v1.0.0/go.mod h1:RbATFBbKYkVdqmSFtx13Bb/tVhR0lgOBXunWTZKeL4w=
github.com/oschwald/maxminddb-golang v1.5.0/go.mod h1:3jhIUymTJ5VREKyIhWm66LJiQt04F0UCDdodShpjWsY=
github.com/oschwald/maxminddb-golang v1.6.0 h1:KAJSjdHQ8Kv45nFIbtoLGrGWqHFajOIm7skTyz/+Dls=
github.com/oschwald/maxminddb-golang v1.6.0/go.mod h1:DUJFucBg2cvqx42YmDa/+xHvb0elJtOm3o4aFQ/nb/w=
github.com/pieterclaerhout/go-finance v1.0.4/go.mod h1:SJPNnR+/MdHnTRWnvVqoHEcvFkuTuLL+CqsKrvxhbvE=
github.com/pieterclaerhout/go-formatter v1.0.2/go.mod h1:1okQQFUwXCLGTWXoWoh3OGchp3i7KeebwIx/ufmsjks=
github.com/pieterclaerhout/go-formatter v1.0.4 h1:XKFCBb9aNwazTqhtH1snru/D8E7yXQi5pFYpRRfzHJI=
github.com/pieterclaerhout/go-formatter v1.0.4/go.mod h1:1okQQFUwXCLGTWXoWoh3OGchp3i7KeebwIx/ufmsjks=
github.com/pieterclaerhout/go-geoip v0.0.0-20191011130502-d7acb335fdaf/go.mod h1:oITkJydloz8WH1RJJoqWlEdk3jsvrWmOeac0nx7vaJM=
github.com/pieterclaerhout/go-geoip v1.0.1/go.mod h1:1lVzUu+5nKCG4EoeRawkOMQinZMXgu7veUG8tS5ZxMo=
github.com/pieterclaerhout/go-geoip v1.1.0/go.mod h1:sP4Oy99FN+BIjKTD4SbuSmHHX7mlzOdLgtv+z1GLCcc=
github.com/pieterclaerhout/go-html v0.0.0-20191004144412-226526d57527/go.mod h1:5G1W6ElVuCTXJHjLJiLyFUfXZ8losLCNM7BXcHgLBRQ=
github.com/pieterclaerhout/go-html v0.0.1/go.mod h1:5G1W6ElVuCTXJHjLJiLyFUfXZ8losLCNM7BXcHgLBRQ=
github.com/pieterclaerhout/go-log v1.0.1/go.mod h1:qhAf0/tt5vau3o/b8dFwri6j9o93u2sk7erGuFgHtH0=
github.com/pieterclaerhout/go-log v1.0.2/go.mod h1:qhAf0/tt5vau3o/b8dFwri6j9o93u2sk7erGuFgHtH0=
github.com/pieterclaerhout/go-log v1.0.3/go.mod h1:qhAf0/tt5vau3o/b8dFwri6j9o93u2sk7erGuFgHtH0=
github.com/pieterclaerhout/go-log v1.0.9/go.mod h1:f9Mmn7P1JfpN3gdhmzqRbKC+kHhcxrHkgtmK9xtO9Ww=
github.com/pieterclaerhout/go-log v1.11.0 h1:kFKfmkNp/fjCZ7gBRefATnCBPPGcDcZsp+rt7ygrx8I=
github.com/pieterclaerhout/go-log v1.11.0/go.mod h1:uEj9rtobEmWajjJLMx3ChNLXqNow8T7XkRdSkkCH8oE=
github.com/pieterclaerhout/go-webserver v1.0.1/go.mod h1:BIfh/ISRiEQGJ6SRF7Wf5HcNMfDlyIapcc6GSmneE8A=
github.com/pieterclaerhout/go-webserver v1.0.5/go.mod h1:blw+e2kDM8LMR6zXphNnDRtzBZxwQ5JxluK7fxbgY+k=
github.com/pieterclaerhout/go-webserver v1.0.6 h1:3GHo+VAXKpfIh7gmHNMQcggkqE1evV6zVxWfhFA16SI=
github.com/pieterclaerhout/go-webserver v1.0.6/go.mod h1:d5YHyFypWDt3Pp9AY3zUVXx8Exw6Dx3Es2vx8/T25kA=
github.com/pieterclaerhout/go-webserver/v2 v2.0.1 h1:ua/pc772xmeNwUrzrE8gZh0qG1Pi2CV6UXAA6Pr+Bc8=
github.com/pieterclaerhout/go-webserver/v2 v2.0.1/go.mod h1:+Uw0TzLD9t49LlCMlanbwhcDvKhBUe0BiXIOLLz7KMc=
github.com/pieterclaerhout/go-xray v1.0.2 h1:/+lZGF/maR4o2/1j87yI74n61tBjNe2YI/DRFgZlOAM=
github.com/pieterclaerhout/go-xray v1.0.2/go.mod h1:CyzvayUrh9qYuXG6Qs+mQ6QVGmhKRVoJwZxA8tcE1cw=
github.com/pkg/errors v0.8.1/go.mod h1:bwawxfHBFNV+L2hUp1rHADufV3IMtnDRdf1r5NINEl0=
github.com/pkg/errors v0.9.1 h1:FEBLx1zS214owpjy7qsBeixbURkuhQAwrK5UwLGTwt4=
github.com/pkg/errors v0.9.1/go.mod h1:bwawxfHBFNV+L2hUp1rHADufV3IMtnDRdf1r5NINEl0=
github.com/pmezard/go-difflib v0.0.0-20151028094244-d8ed2627bdf0/go.mod h1:iKH77koFhYxTK1pcRnkKkqfTogsbg7gZNVY4sRDYZ/4=
github.com/pmezard/go-difflib v1.0.0/go.mod h1:iKH77koFhYxTK1pcRnkKkqfTogsbg7gZNVY4sRDYZ/4=
github.com/robfig/cron/v3 v3.0.0/go.mod h1:eQICP3HwyT7UooqI/z+Ov+PtYAWygg1TEWWzGIFLtro=
github.com/robfig/cron/v3 v3.0.1 h1:WdRxkvbJztn8LMz/QEvLN5sBU+xKpSqwwUO1Pjr4qDs=
github.com/robfig/cron/v3 v3.0.1/go.mod h1:eQICP3HwyT7UooqI/z+Ov+PtYAWygg1TEWWzGIFLtro=
github.com/sanity-io/litter v1.1.0/go.mod h1:CJ0VCw2q4qKU7LaQr3n7UOSHzgEMgcGco7N/SkZQPjw=
github.com/sanity-io/litter v1.2.0 h1:DGJO0bxH/+C2EukzOSBmAlxmkhVMGqzvcx/rvySYw9M=
github.com/sanity-io/litter v1.2.0/go.mod h1:JF6pZUFgu2Q0sBZ+HSV35P8TVPI1TTzEwyu9FXAw2W4=
github.com/scorredoira/email v0.0.0-20190509221456-365bb6a9fa0c/go.mod h1:Q5ljvYIBpukMH+wgB8kcPV1i9NX8TqU++8GgBKq3pt0=
github.com/spf13/afero v1.2.2/go.mod h1:9ZxEEn6pIJ8Rxe320qSDBk6AsU0r9pR7Q4OcevTdifk=
github.com/stretchr/objx v0.1.0/go.mod h1:HFkY916IF+rwdDfMAkV7OtwuqBVzrE8GR6GFx+wExME=
github.com/stretchr/testify v0.0.0-20161117074351-18a02ba4a312/go.mod h1:a8OnRcib4nhh0OaRAV+Yts87kKdq0PP7pXfy6kDkUVs=
github.com/stretchr/testify v1.4.0/go.mod h1:j7eGeouHqKxXV5pUuKE4zz7dFj8WfuZ+81PSLYec5m4=
github.com/stretchr/testify v1.5.1/go.mod h1:5W2xD1RspED5o8YsWQXVCued0rvSQ+mT+I5cxcmMvtA=
github.com/tidwall/gjson v1.3.2 h1:+7p3qQFaH3fOMXAJSrdZwGKcOO/lYdGS0HqGhPqDdTI=
github.com/tidwall/gjson v1.3.2/go.mod h1:P256ACg0Mn+j1RXIDXoss50DeIABTYK1PULOJHhxOls=
github.com/tidwall/match v1.0.1 h1:PnKP62LPNxHKTwvHHZZzdOAOCtsJTjo6dZLCwpKm5xc=
github.com/tidwall/match v1.0.1/go.mod h1:LujAq0jyVjBy028G1WhWfIzbpQfMO8bBZ6Tyb0+pL9E=
github.com/tidwall/pretty v1.0.0 h1:HsD+QiTn7sK6flMKIvNmpqz1qrpP3Ps6jOKIKMooyg4=
github.com/tidwall/pretty v1.0.0/go.mod h1:XNkn88O1ChpSDQmQeStsy+sBenx6DDtFZJxhVysOjyk=
github.com/valyala/bytebufferpool v1.0.0 h1:GqA5TC/0021Y/b9FG4Oi9Mr3q7XYx6KllzawFIhcdPw=
github.com/valyala/bytebufferpool v1.0.0/go.mod h1:6bBcMArwyJ5K/AmCkWv1jt77kVWyCJ6HpOuEn7z0Csc=
github.com/valyala/fasttemplate v1.0.1/go.mod h1:UQGH1tvbgY+Nz5t2n7tXsz52dQxojPUpymEIMZ47gx8=
github.com/valyala/fasttemplate v1.1.0 h1:RZqt0yGBsps8NGvLSGW804QQqCUYYLsaOjTVHy1Ocw4=
github.com/valyala/fasttemplate v1.1.0/go.mod h1:UQGH1tvbgY+Nz5t2n7tXsz52dQxojPUpymEIMZ47gx8=
golang.org/x/crypto v0.0.0-20190308221718-c2843e01d9a2/go.mod h1:djNgcEr1/C05ACkg1iLfiJU5Ep61QUkGW8qpdssI0+w=
golang.org/x/crypto v0.0.0-20191002192127-34f69633bfdc h1:c0o/qxkaO2LF5t6fQrT4b5hzyggAkLLlCUjqfRxd8Q4=
golang.org/x/crypto v0.0.0-20191002192127-34f69633bfdc/go.mod h1:yigFU9vqHzYiE8UmvKecakEJjdnWj3jj499lnFckfCI=
golang.org/x/net v0.0.0-20190404232315-eb5bcb51f2a3 h1:0GoQqolDA55aaLxZyTzK/Y2ePZzZTUrRacwib7cNsYQ=
golang.org/x/net v0.0.0-20190404232315-eb5bcb51f2a3/go.mod h1:t9HGtf8HONx5eT2rtn7q6eTqICYqUVnKs3thJo3Qplg=
golang.org/x/sys v0.0.0-20190215142949-d0b11bdaac8a/go.mod h1:STP8DvDyc/dI5b8T5hshtkjS+E42TnysNCUPdjciGhY=
golang.org/x/sys v0.0.0-20190222072716-a9d3bda3a223/go.mod h1:STP8DvDyc/dI5b8T5hshtkjS+E42TnysNCUPdjciGhY=
golang.org/x/sys v0.0.0-20190412213103-97732733099d/go.mod h1:h1NjWce9XRLGQEsW7wpKNCjG9DtNlClVuFLEZdDNbEs=
golang.org/x/sys v0.0.0-20190813064441-fde4db37ae7a/go.mod h1:h1NjWce9XRLGQEsW7wpKNCjG9DtNlClVuFLEZdDNbEs=
golang.org/x/sys v0.0.0-20191009170203-06d7bd2c5f4f/go.mod h1:h1NjWce9XRLGQEsW7wpKNCjG9DtNlClVuFLEZdDNbEs=
golang.org/x/sys v0.0.0-20191026070338-33540a1f6037/go.mod h1:h1NjWce9XRLGQEsW7wpKNCjG9DtNlClVuFLEZdDNbEs=
golang.org/x/sys v0.0.0-20191224085550-c709ea063b76 h1:Dho5nD6R3PcW2SH1or8vS0dszDaXRxIw55lBX7XiE5g=
golang.org/x/sys v0.0.0-20191224085550-c709ea063b76/go.mod h1:h1NjWce9XRLGQEsW7wpKNCjG9DtNlClVuFLEZdDNbEs=
golang.org/x/text v0.3.0/go.mod h1:NqM8EUOU14njkJ3fqMW+pc6Ldnwhi/IjpwHt7yyuwOQ=
golang.org/x/text v0.3.2 h1:tW2bmiBqwgJj/UpqtC8EpXEZVYOwU0yG4iWbprSVAcs=
golang.org/x/text v0.3.2/go.mod h1:bEr9sfX3Q8Zfm5fL9x+3itogRgK3+ptLWKqgva+5dAk=
golang.org/x/tools v0.0.0-20180917221912-90fa682c2a6e/go.mod h1:n7NCudcB/nEzxVGmLbDWY5pfWTLqBcC2KZ6jyYvM4mQ=
gopkg.in/check.v1 v0.0.0-20161208181325-20d25e280405/go.mod h1:Co6ibVJAznAaIkqp8huTwlJQCZ016jof/cbN4VW5Yz0=
gopkg.in/yaml.v2 v2.2.2/go.mod h1:hI93XBmqTisBFMUTm0b8Fm+jr3Dg1NNxqwp+5A1VGuI=
